
Microsoft Visual Studio Solution File, Format Version 12.00
# Visual Studio Version 17
VisualStudioVersion = 17.9.34728.123
MinimumVisualStudioVersion = 10.0.40219.1
Project("{FAE04EC0-301F-11D3-BF4B-00C04F79EFBC}") = "Blog_UDLA_PZ_JS_DM", "Blog_UDLA_PZ_JS_DM.csproj", "{72880890-8C63-47B0-9446-E8031BE3A8A7}"
EndProject
Global
	GlobalSection(SolutionConfigurationPlatforms) = preSolution
		Debug|Any CPU = Debug|Any CPU
		Release|Any CPU = Release|Any CPU
	EndGlobalSection
	GlobalSection(ProjectConfigurationPlatforms) = postSolution
		{72880890-8C63-47B0-9446-E8031BE3A8A7}.Debug|Any CPU.ActiveCfg = Debug|Any CPU
		{72880890-8C63-47B0-9446-E8031BE3A8A7}.Debug|Any CPU.Build.0 = Debug|Any CPU
		{72880890-8C63-47B0-9446-E8031BE3A8A7}.Release|Any CPU.ActiveCfg = Release|Any CPU
		{72880890-8C63-47B0-9446-E8031BE3A8A7}.Release|Any CPU.Build.0 = Release|Any CPU
	EndGlobalSection
	GlobalSection(SolutionProperties) = preSolution
		HideSolutionNode = FALSE
	EndGlobalSection
	GlobalSection(ExtensibilityGlobals) = postSolution
		SolutionGuid = {6C468E5F-680B-4E26-8D30-FD0C2B6A688C}
	EndGlobalSection
EndGlobal
